
Microsoft Visual Studio Solution File, Format Version 12.00
# Visual Studio Version 16
VisualStudioVersion = 16.0.29424.173
MinimumVisualStudioVersion = 10.0.40219.1
Project("{888888A0-9F3D-457C-B088-3A5042F75D52}") = "while_loop", "while_loop\while_loop.pyproj", "{8C1365B1-8151-4494-9250-6AE879A101D9}"
EndProject
Global
	GlobalSection(SolutionConfigurationPlatforms) = preSolution
		Debug|Any CPU = Debug|Any CPU
		Release|Any CPU = Release|Any CPU
	EndGlobalSection
	GlobalSection(ProjectConfigurationPlatforms) = postSolution
		{8C1365B1-8151-4494-9250-6AE879A101D9}.Debug|Any CPU.ActiveCfg = Debug|Any CPU
		{8C1365B1-8151-4494-9250-6AE879A101D9}.Release|Any CPU.ActiveCfg = Release|Any CPU
	EndGlobalSection
	GlobalSection(SolutionProperties) = preSolution
		HideSolutionNode = FALSE
	EndGlobalSection
	GlobalSection(ExtensibilityGlobals) = postSolution
		SolutionGuid = {F3441011-14DB-401B-B262-976BB8813142}
	EndGlobalSection
EndGlobal
