
Microsoft Visual Studio Solution File, Format Version 12.00
# Visual Studio Version 16
VisualStudioVersion = 16.0.29424.173
MinimumVisualStudioVersion = 10.0.40219.1
Project("{888888A0-9F3D-457C-B088-3A5042F75D52}") = "hourly_employee_input_copy", "hourly_employee_input_copy\hourly_employee_input_copy.pyproj", "{80D3575F-FDEE-41C4-A4D4-26492C8B43BE}"
EndProject
Global
	GlobalSection(SolutionConfigurationPlatforms) = preSolution
		Debug|Any CPU = Debug|Any CPU
		Release|Any CPU = Release|Any CPU
	EndGlobalSection
	GlobalSection(ProjectConfigurationPlatforms) = postSolution
		{80D3575F-FDEE-41C4-A4D4-26492C8B43BE}.Debug|Any CPU.ActiveCfg = Debug|Any CPU
		{80D3575F-FDEE-41C4-A4D4-26492C8B43BE}.Release|Any CPU.ActiveCfg = Release|Any CPU
	EndGlobalSection
	GlobalSection(SolutionProperties) = preSolution
		HideSolutionNode = FALSE
	EndGlobalSection
	GlobalSection(ExtensibilityGlobals) = postSolution
		SolutionGuid = {F2A8FC0C-E70E-49B3-A236-AA58CE54C4BE}
	EndGlobalSection
EndGlobal
