
Microsoft Visual Studio Solution File, Format Version 12.00
# Visual Studio Version 16
VisualStudioVersion = 16.0.29424.173
MinimumVisualStudioVersion = 10.0.40219.1
Project("{888888A0-9F3D-457C-B088-3A5042F75D52}") = "hourly_employee_input", "hourly_employee_input\hourly_employee_input.pyproj", "{57826452-BDC0-404F-AB56-F791C44373BB}"
EndProject
Global
	GlobalSection(SolutionConfigurationPlatforms) = preSolution
		Debug|Any CPU = Debug|Any CPU
		Release|Any CPU = Release|Any CPU
	EndGlobalSection
	GlobalSection(ProjectConfigurationPlatforms) = postSolution
		{57826452-BDC0-404F-AB56-F791C44373BB}.Debug|Any CPU.ActiveCfg = Debug|Any CPU
		{57826452-BDC0-404F-AB56-F791C44373BB}.Release|Any CPU.ActiveCfg = Release|Any CPU
	EndGlobalSection
	GlobalSection(SolutionProperties) = preSolution
		HideSolutionNode = FALSE
	EndGlobalSection
	GlobalSection(ExtensibilityGlobals) = postSolution
		SolutionGuid = {1BDA3592-67DC-4A3E-9E79-946F1832C61A}
	EndGlobalSection
EndGlobal
